// !$*UTF8*$!
{
	archiveVersion = 1;
	classes = {
	};
	objectVersion = 56;
	objects = {

/* Begin PBXBuildFile section */
		E77A37302BA1E0B800E3FFCC /* Constants.swift in Sources */ = {isa = PBXBuildFile; fileRef = E77A372F2BA1E0B800E3FFCC /* Constants.swift */; };
		E77A37332BA4EF0D00E3FFCC /* AuthViewController.swift in Sources */ = {isa = PBXBuildFile; fileRef = E77A37322BA4EF0D00E3FFCC /* AuthViewController.swift */; };
		E77A37352BA4EF9C00E3FFCC /* WebViewViewController.swift in Sources */ = {isa = PBXBuildFile; fileRef = E77A37342BA4EF9C00E3FFCC /* WebViewViewController.swift */; };
		E77A37372BA632ED00E3FFCC /* WebViewControllerDelegate.swift in Sources */ = {isa = PBXBuildFile; fileRef = E77A37362BA632ED00E3FFCC /* WebViewControllerDelegate.swift */; };
		E77A37392BAB403D00E3FFCC /* 0Auth2Service.swift in Sources */ = {isa = PBXBuildFile; fileRef = E77A37382BAB403D00E3FFCC /* 0Auth2Service.swift */; };
		E77A373B2BAB8B2C00E3FFCC /* URLSession+data.swift in Sources */ = {isa = PBXBuildFile; fileRef = E77A373A2BAB8B2C00E3FFCC /* URLSession+data.swift */; };
		E77A373F2BAF7D2200E3FFCC /* OAuthTokenResponseBody.swift in Sources */ = {isa = PBXBuildFile; fileRef = E77A373E2BAF7D2200E3FFCC /* OAuthTokenResponseBody.swift */; };
		E77A37412BAF82A000E3FFCC /* 0Auth2TokenStorage.swift in Sources */ = {isa = PBXBuildFile; fileRef = E77A37402BAF82A000E3FFCC /* 0Auth2TokenStorage.swift */; };
		E78855C92B6DCE5100B244BC /* AppDelegate.swift in Sources */ = {isa = PBXBuildFile; fileRef = E78855C82B6DCE5100B244BC /* AppDelegate.swift */; };
		E78855CB2B6DCE5100B244BC /* SceneDelegate.swift in Sources */ = {isa = PBXBuildFile; fileRef = E78855CA2B6DCE5100B244BC /* SceneDelegate.swift */; };
		E78855CD2B6DCE5100B244BC /* ImagesListViewController.swift in Sources */ = {isa = PBXBuildFile; fileRef = E78855CC2B6DCE5100B244BC /* ImagesListViewController.swift */; };
		E78855D02B6DCE5100B244BC /* Main.storyboard in Resources */ = {isa = PBXBuildFile; fileRef = E78855CE2B6DCE5100B244BC /* Main.storyboard */; };
		E78855D22B6DCE5200B244BC /* Assets.xcassets in Resources */ = {isa = PBXBuildFile; fileRef = E78855D12B6DCE5200B244BC /* Assets.xcassets */; };
		E78855D52B6DCE5200B244BC /* LaunchScreen.storyboard in Resources */ = {isa = PBXBuildFile; fileRef = E78855D32B6DCE5200B244BC /* LaunchScreen.storyboard */; };
		E78855DD2B71A54400B244BC /* ImagesListCell.swift in Sources */ = {isa = PBXBuildFile; fileRef = E78855DC2B71A54400B244BC /* ImagesListCell.swift */; };
		E788D2222B80388E00B7A335 /* ProfileViewController.swift in Sources */ = {isa = PBXBuildFile; fileRef = E788D2212B80388E00B7A335 /* ProfileViewController.swift */; };
		E7B1C4722B86BE4D00D37669 /* SingleImageViewController.swift in Sources */ = {isa = PBXBuildFile; fileRef = E7B1C4712B86BE4D00D37669 /* SingleImageViewController.swift */; };
		E7D8B2E12BB34FE3007AC2FC /* SplashViewController.swift in Sources */ = {isa = PBXBuildFile; fileRef = E7D8B2E02BB34FE3007AC2FC /* SplashViewController.swift */; };
		E7D8B2E82BB352E5007AC2FC /* AuthViewControllerDelegate.swift in Sources */ = {isa = PBXBuildFile; fileRef = E7D8B2E72BB352E5007AC2FC /* AuthViewControllerDelegate.swift */; };
		E7F29BA52BBC50A300E9FCFE /* UIBlockingProgressHUD.swift in Sources */ = {isa = PBXBuildFile; fileRef = E7F29BA42BBC50A300E9FCFE /* UIBlockingProgressHUD.swift */; };
		E7F29BA72BBC56A800E9FCFE /* ProfileService.swift in Sources */ = {isa = PBXBuildFile; fileRef = E7F29BA62BBC56A800E9FCFE /* ProfileService.swift */; };
		E7F29BA92BBC56E800E9FCFE /* ProfileResult.swift in Sources */ = {isa = PBXBuildFile; fileRef = E7F29BA82BBC56E800E9FCFE /* ProfileResult.swift */; };
		E7F29BAB2BBC58C100E9FCFE /* Profile.swift in Sources */ = {isa = PBXBuildFile; fileRef = E7F29BAA2BBC58C100E9FCFE /* Profile.swift */; };
		E7F29BAD2BBDE71300E9FCFE /* ProfileImageService.swift in Sources */ = {isa = PBXBuildFile; fileRef = E7F29BAC2BBDE71300E9FCFE /* ProfileImageService.swift */; };
		E7F29BB12BBDE77200E9FCFE /* ProfileImageResult.swift in Sources */ = {isa = PBXBuildFile; fileRef = E7F29BB02BBDE77200E9FCFE /* ProfileImageResult.swift */; };
		E7F29BBC2BBF6A3300E9FCFE /* TabBarController.swift in Sources */ = {isa = PBXBuildFile; fileRef = E7F29BBB2BBF6A3300E9FCFE /* TabBarController.swift */; };
		E7F29BD12BC220C000E9FCFE /* CustomNavigationViewController.swift in Sources */ = {isa = PBXBuildFile; fileRef = E7F29BD02BC220C000E9FCFE /* CustomNavigationViewController.swift */; };
		E7F29BD42BC2326D00E9FCFE /* Kingfisher in Frameworks */ = {isa = PBXBuildFile; productRef = E7F29BD32BC2326D00E9FCFE /* Kingfisher */; };
		E7F29BD72BC2327400E9FCFE /* SwiftKeychainWrapper in Frameworks */ = {isa = PBXBuildFile; productRef = E7F29BD62BC2327400E9FCFE /* SwiftKeychainWrapper */; };
		E7F792892BC4C618008BEA79 /* ImagesListService.swift in Sources */ = {isa = PBXBuildFile; fileRef = E7F792882BC4C618008BEA79 /* ImagesListService.swift */; };
		E7F7928B2BC4C621008BEA79 /* Photo.swift in Sources */ = {isa = PBXBuildFile; fileRef = E7F7928A2BC4C621008BEA79 /* Photo.swift */; };
		E7F7928D2BC4C63B008BEA79 /* PhotoResult.swift in Sources */ = {isa = PBXBuildFile; fileRef = E7F7928C2BC4C63B008BEA79 /* PhotoResult.swift */; };
		E7F7928F2BC4C64D008BEA79 /* PhotoUrlsResult.swift in Sources */ = {isa = PBXBuildFile; fileRef = E7F7928E2BC4C64D008BEA79 /* PhotoUrlsResult.swift */; };
		E7F792912BC4C655008BEA79 /* PhotosList.swift in Sources */ = {isa = PBXBuildFile; fileRef = E7F792902BC4C655008BEA79 /* PhotosList.swift */; };
		E7F792B62BC75E53008BEA79 /* ImagesListServiceTests.swift in Sources */ = {isa = PBXBuildFile; fileRef = E7F792B52BC75E53008BEA79 /* ImagesListServiceTests.swift */; };
		E7F792BE2BC7796A008BEA79 /* ProgressHUD in Frameworks */ = {isa = PBXBuildFile; productRef = E7F792BD2BC7796A008BEA79 /* ProgressHUD */; };
/* End PBXBuildFile section */

/* Begin PBXContainerItemProxy section */
		E7F792B72BC75E53008BEA79 /* PBXContainerItemProxy */ = {
			isa = PBXContainerItemProxy;
			containerPortal = E78855BD2B6DCE5100B244BC /* Project object */;
			proxyType = 1;
			remoteGlobalIDString = E78855C42B6DCE5100B244BC;
			remoteInfo = ImageLiker;
		};
/* End PBXContainerItemProxy section */

/* Begin PBXFileReference section */
		E77A372F2BA1E0B800E3FFCC /* Constants.swift */ = {isa = PBXFileReference; lastKnownFileType = sourcecode.swift; path = Constants.swift; sourceTree = "<group>"; };
		E77A37322BA4EF0D00E3FFCC /* AuthViewController.swift */ = {isa = PBXFileReference; lastKnownFileType = sourcecode.swift; path = AuthViewController.swift; sourceTree = "<group>"; };
		E77A37342BA4EF9C00E3FFCC /* WebViewViewController.swift */ = {isa = PBXFileReference; lastKnownFileType = sourcecode.swift; path = WebViewViewController.swift; sourceTree = "<group>"; };
		E77A37362BA632ED00E3FFCC /* WebViewControllerDelegate.swift */ = {isa = PBXFileReference; lastKnownFileType = sourcecode.swift; path = WebViewControllerDelegate.swift; sourceTree = "<group>"; };
		E77A37382BAB403D00E3FFCC /* 0Auth2Service.swift */ = {isa = PBXFileReference; lastKnownFileType = sourcecode.swift; path = 0Auth2Service.swift; sourceTree = "<group>"; };
		E77A373A2BAB8B2C00E3FFCC /* URLSession+data.swift */ = {isa = PBXFileReference; lastKnownFileType = sourcecode.swift; path = "URLSession+data.swift"; sourceTree = "<group>"; };
		E77A373E2BAF7D2200E3FFCC /* OAuthTokenResponseBody.swift */ = {isa = PBXFileReference; lastKnownFileType = sourcecode.swift; path = OAuthTokenResponseBody.swift; sourceTree = "<group>"; };
		E77A37402BAF82A000E3FFCC /* 0Auth2TokenStorage.swift */ = {isa = PBXFileReference; lastKnownFileType = sourcecode.swift; path = 0Auth2TokenStorage.swift; sourceTree = "<group>"; };
		E78855C52B6DCE5100B244BC /* ImageLiker.app */ = {isa = PBXFileReference; explicitFileType = wrapper.application; includeInIndex = 0; path = ImageLiker.app; sourceTree = BUILT_PRODUCTS_DIR; };
		E78855C82B6DCE5100B244BC /* AppDelegate.swift */ = {isa = PBXFileReference; lastKnownFileType = sourcecode.swift; path = AppDelegate.swift; sourceTree = "<group>"; };
		E78855CA2B6DCE5100B244BC /* SceneDelegate.swift */ = {isa = PBXFileReference; lastKnownFileType = sourcecode.swift; path = SceneDelegate.swift; sourceTree = "<group>"; };
		E78855CC2B6DCE5100B244BC /* ImagesListViewController.swift */ = {isa = PBXFileReference; lastKnownFileType = sourcecode.swift; path = ImagesListViewController.swift; sourceTree = "<group>"; };
		E78855CF2B6DCE5100B244BC /* Base */ = {isa = PBXFileReference; lastKnownFileType = file.storyboard; name = Base; path = Base.lproj/Main.storyboard; sourceTree = "<group>"; };
		E78855D12B6DCE5200B244BC /* Assets.xcassets */ = {isa = PBXFileReference; lastKnownFileType = folder.assetcatalog; path = Assets.xcassets; sourceTree = "<group>"; };
		E78855D42B6DCE5200B244BC /* Base */ = {isa = PBXFileReference; lastKnownFileType = file.storyboard; name = Base; path = Base.lproj/LaunchScreen.storyboard; sourceTree = "<group>"; };
		E78855D62B6DCE5200B244BC /* Info.plist */ = {isa = PBXFileReference; lastKnownFileType = text.plist.xml; path = Info.plist; sourceTree = "<group>"; };
		E78855DC2B71A54400B244BC /* ImagesListCell.swift */ = {isa = PBXFileReference; lastKnownFileType = sourcecode.swift; path = ImagesListCell.swift; sourceTree = "<group>"; };
		E788D2212B80388E00B7A335 /* ProfileViewController.swift */ = {isa = PBXFileReference; lastKnownFileType = sourcecode.swift; path = ProfileViewController.swift; sourceTree = "<group>"; };
		E7B1C4712B86BE4D00D37669 /* SingleImageViewController.swift */ = {isa = PBXFileReference; lastKnownFileType = sourcecode.swift; path = SingleImageViewController.swift; sourceTree = "<group>"; };
		E7D8B2E02BB34FE3007AC2FC /* SplashViewController.swift */ = {isa = PBXFileReference; lastKnownFileType = sourcecode.swift; path = SplashViewController.swift; sourceTree = "<group>"; };
		E7D8B2E72BB352E5007AC2FC /* AuthViewControllerDelegate.swift */ = {isa = PBXFileReference; lastKnownFileType = sourcecode.swift; path = AuthViewControllerDelegate.swift; sourceTree = "<group>"; };
		E7F29BA42BBC50A300E9FCFE /* UIBlockingProgressHUD.swift */ = {isa = PBXFileReference; lastKnownFileType = sourcecode.swift; path = UIBlockingProgressHUD.swift; sourceTree = "<group>"; };
		E7F29BA62BBC56A800E9FCFE /* ProfileService.swift */ = {isa = PBXFileReference; lastKnownFileType = sourcecode.swift; path = ProfileService.swift; sourceTree = "<group>"; };
		E7F29BA82BBC56E800E9FCFE /* ProfileResult.swift */ = {isa = PBXFileReference; lastKnownFileType = sourcecode.swift; path = ProfileResult.swift; sourceTree = "<group>"; };
		E7F29BAA2BBC58C100E9FCFE /* Profile.swift */ = {isa = PBXFileReference; lastKnownFileType = sourcecode.swift; path = Profile.swift; sourceTree = "<group>"; };
		E7F29BAC2BBDE71300E9FCFE /* ProfileImageService.swift */ = {isa = PBXFileReference; lastKnownFileType = sourcecode.swift; path = ProfileImageService.swift; sourceTree = "<group>"; };
		E7F29BB02BBDE77200E9FCFE /* ProfileImageResult.swift */ = {isa = PBXFileReference; lastKnownFileType = sourcecode.swift; path = ProfileImageResult.swift; sourceTree = "<group>"; };
		E7F29BBB2BBF6A3300E9FCFE /* TabBarController.swift */ = {isa = PBXFileReference; lastKnownFileType = sourcecode.swift; path = TabBarController.swift; sourceTree = "<group>"; };
		E7F29BD02BC220C000E9FCFE /* CustomNavigationViewController.swift */ = {isa = PBXFileReference; lastKnownFileType = sourcecode.swift; path = CustomNavigationViewController.swift; sourceTree = "<group>"; };
		E7F792882BC4C618008BEA79 /* ImagesListService.swift */ = {isa = PBXFileReference; lastKnownFileType = sourcecode.swift; path = ImagesListService.swift; sourceTree = "<group>"; };
		E7F7928A2BC4C621008BEA79 /* Photo.swift */ = {isa = PBXFileReference; lastKnownFileType = sourcecode.swift; path = Photo.swift; sourceTree = "<group>"; };
		E7F7928C2BC4C63B008BEA79 /* PhotoResult.swift */ = {isa = PBXFileReference; lastKnownFileType = sourcecode.swift; path = PhotoResult.swift; sourceTree = "<group>"; };
		E7F7928E2BC4C64D008BEA79 /* PhotoUrlsResult.swift */ = {isa = PBXFileReference; lastKnownFileType = sourcecode.swift; path = PhotoUrlsResult.swift; sourceTree = "<group>"; };
		E7F792902BC4C655008BEA79 /* PhotosList.swift */ = {isa = PBXFileReference; lastKnownFileType = sourcecode.swift; path = PhotosList.swift; sourceTree = "<group>"; };
		E7F792B32BC75E53008BEA79 /* ImageLikerTests.xctest */ = {isa = PBXFileReference; explicitFileType = wrapper.cfbundle; includeInIndex = 0; path = ImageLikerTests.xctest; sourceTree = BUILT_PRODUCTS_DIR; };
		E7F792B52BC75E53008BEA79 /* ImagesListServiceTests.swift */ = {isa = PBXFileReference; lastKnownFileType = sourcecode.swift; path = ImagesListServiceTests.swift; sourceTree = "<group>"; };
/* End PBXFileReference section */

/* Begin PBXFrameworksBuildPhase section */
		E78855C22B6DCE5100B244BC /* Frameworks */ = {
			isa = PBXFrameworksBuildPhase;
			buildActionMask = 2147483647;
			files = (
				E7F792BE2BC7796A008BEA79 /* ProgressHUD in Frameworks */,
				E7F29BD72BC2327400E9FCFE /* SwiftKeychainWrapper in Frameworks */,
				E7F29BD42BC2326D00E9FCFE /* Kingfisher in Frameworks */,
			);
			runOnlyForDeploymentPostprocessing = 0;
		};
		E7F792B02BC75E53008BEA79 /* Frameworks */ = {
			isa = PBXFrameworksBuildPhase;
			buildActionMask = 2147483647;
			files = (
			);
			runOnlyForDeploymentPostprocessing = 0;
		};
/* End PBXFrameworksBuildPhase section */

/* Begin PBXGroup section */
		E77A37312BA4EEFE00E3FFCC /* Auth */ = {
			isa = PBXGroup;
			children = (
				E77A37322BA4EF0D00E3FFCC /* AuthViewController.swift */,
				E77A37382BAB403D00E3FFCC /* 0Auth2Service.swift */,
				E77A37402BAF82A000E3FFCC /* 0Auth2TokenStorage.swift */,
				E77A373E2BAF7D2200E3FFCC /* OAuthTokenResponseBody.swift */,
				E77A37362BA632ED00E3FFCC /* WebViewControllerDelegate.swift */,
				E77A37342BA4EF9C00E3FFCC /* WebViewViewController.swift */,
				E7D8B2E72BB352E5007AC2FC /* AuthViewControllerDelegate.swift */,
				E7F29BD02BC220C000E9FCFE /* CustomNavigationViewController.swift */,
			);
			path = Auth;
			sourceTree = "<group>";
		};
		E78855BC2B6DCE5100B244BC = {
			isa = PBXGroup;
			children = (
				E78855C72B6DCE5100B244BC /* ImageLiker */,
				E7F792B42BC75E53008BEA79 /* ImageLikerTests */,
				E78855C62B6DCE5100B244BC /* Products */,
			);
			sourceTree = "<group>";
		};
		E78855C62B6DCE5100B244BC /* Products */ = {
			isa = PBXGroup;
			children = (
				E78855C52B6DCE5100B244BC /* ImageLiker.app */,
				E7F792B32BC75E53008BEA79 /* ImageLikerTests.xctest */,
			);
			name = Products;
			sourceTree = "<group>";
		};
		E78855C72B6DCE5100B244BC /* ImageLiker */ = {
			isa = PBXGroup;
			children = (
				E78855C82B6DCE5100B244BC /* AppDelegate.swift */,
				E78855CA2B6DCE5100B244BC /* SceneDelegate.swift */,
				E78855D32B6DCE5200B244BC /* LaunchScreen.storyboard */,
				E78855CE2B6DCE5100B244BC /* Main.storyboard */,
				E78855D12B6DCE5200B244BC /* Assets.xcassets */,
				E7D8B2E52BB35071007AC2FC /* Splash */,
				E7D8B2E42BB35034007AC2FC /* Constants */,
				E7D8B2E32BB35022007AC2FC /* Helpers */,
				E7D8B2E22BB35002007AC2FC /* Profile */,
				E77A37312BA4EEFE00E3FFCC /* Auth */,
				E78855DE2B71A57200B244BC /* ImageList */,
				E78855D62B6DCE5200B244BC /* Info.plist */,
				E7F29BA42BBC50A300E9FCFE /* UIBlockingProgressHUD.swift */,
				E7F29BBB2BBF6A3300E9FCFE /* TabBarController.swift */,
			);
			path = ImageLiker;
			sourceTree = "<group>";
		};
		E78855DE2B71A57200B244BC /* ImageList */ = {
			isa = PBXGroup;
			children = (
				E78855DC2B71A54400B244BC /* ImagesListCell.swift */,
				E78855CC2B6DCE5100B244BC /* ImagesListViewController.swift */,
				E7B1C4712B86BE4D00D37669 /* SingleImageViewController.swift */,
				E7F792882BC4C618008BEA79 /* ImagesListService.swift */,
				E7F7928A2BC4C621008BEA79 /* Photo.swift */,
				E7F7928C2BC4C63B008BEA79 /* PhotoResult.swift */,
				E7F7928E2BC4C64D008BEA79 /* PhotoUrlsResult.swift */,
				E7F792902BC4C655008BEA79 /* PhotosList.swift */,
			);
			path = ImageList;
			sourceTree = "<group>";
		};
		E7D8B2E22BB35002007AC2FC /* Profile */ = {
			isa = PBXGroup;
			children = (
				E788D2212B80388E00B7A335 /* ProfileViewController.swift */,
				E7F29BA62BBC56A800E9FCFE /* ProfileService.swift */,
				E7F29BA82BBC56E800E9FCFE /* ProfileResult.swift */,
				E7F29BAA2BBC58C100E9FCFE /* Profile.swift */,
				E7F29BAC2BBDE71300E9FCFE /* ProfileImageService.swift */,
				E7F29BB02BBDE77200E9FCFE /* ProfileImageResult.swift */,
			);
			path = Profile;
			sourceTree = "<group>";
		};
		E7D8B2E32BB35022007AC2FC /* Helpers */ = {
			isa = PBXGroup;
			children = (
				E77A373A2BAB8B2C00E3FFCC /* URLSession+data.swift */,
			);
			path = Helpers;
			sourceTree = "<group>";
		};
		E7D8B2E42BB35034007AC2FC /* Constants */ = {
			isa = PBXGroup;
			children = (
				E77A372F2BA1E0B800E3FFCC /* Constants.swift */,
			);
			path = Constants;
			sourceTree = "<group>";
		};
		E7D8B2E52BB35071007AC2FC /* Splash */ = {
			isa = PBXGroup;
			children = (
				E7D8B2E02BB34FE3007AC2FC /* SplashViewController.swift */,
			);
			path = Splash;
			sourceTree = "<group>";
		};
		E7F792B42BC75E53008BEA79 /* ImageLikerTests */ = {
			isa = PBXGroup;
			children = (
				E7F792B52BC75E53008BEA79 /* ImagesListServiceTests.swift */,
			);
			path = ImageLikerTests;
			sourceTree = "<group>";
		};
/* End PBXGroup section */

/* Begin PBXNativeTarget section */
		E78855C42B6DCE5100B244BC /* ImageLiker */ = {
			isa = PBXNativeTarget;
			buildConfigurationList = E78855D92B6DCE5200B244BC /* Build configuration list for PBXNativeTarget "ImageLiker" */;
			buildPhases = (
				E78855C12B6DCE5100B244BC /* Sources */,
				E78855C22B6DCE5100B244BC /* Frameworks */,
				E78855C32B6DCE5100B244BC /* Resources */,
			);
			buildRules = (
			);
			dependencies = (
			);
			name = ImageLiker;
			packageProductDependencies = (
				E7F29BD32BC2326D00E9FCFE /* Kingfisher */,
				E7F29BD62BC2327400E9FCFE /* SwiftKeychainWrapper */,
				E7F792BD2BC7796A008BEA79 /* ProgressHUD */,
			);
			productName = ImageLiker;
			productReference = E78855C52B6DCE5100B244BC /* ImageLiker.app */;
			productType = "com.apple.product-type.application";
		};
		E7F792B22BC75E53008BEA79 /* ImageLikerTests */ = {
			isa = PBXNativeTarget;
			buildConfigurationList = E7F792BB2BC75E53008BEA79 /* Build configuration list for PBXNativeTarget "ImageLikerTests" */;
			buildPhases = (
				E7F792AF2BC75E53008BEA79 /* Sources */,
				E7F792B02BC75E53008BEA79 /* Frameworks */,
				E7F792B12BC75E53008BEA79 /* Resources */,
			);
			buildRules = (
			);
			dependencies = (
				E7F792B82BC75E53008BEA79 /* PBXTargetDependency */,
			);
			name = ImageLikerTests;
			productName = ImageLikerTests;
			productReference = E7F792B32BC75E53008BEA79 /* ImageLikerTests.xctest */;
			productType = "com.apple.product-type.bundle.unit-test";
		};
/* End PBXNativeTarget section */

/* Begin PBXProject section */
		E78855BD2B6DCE5100B244BC /* Project object */ = {
			isa = PBXProject;
			attributes = {
				BuildIndependentTargetsInParallel = 1;
				LastSwiftUpdateCheck = 1530;
				LastUpgradeCheck = 1510;
				TargetAttributes = {
					E78855C42B6DCE5100B244BC = {
						CreatedOnToolsVersion = 15.1;
					};
					E7F792B22BC75E53008BEA79 = {
						CreatedOnToolsVersion = 15.3;
						TestTargetID = E78855C42B6DCE5100B244BC;
					};
				};
			};
			buildConfigurationList = E78855C02B6DCE5100B244BC /* Build configuration list for PBXProject "ImageLiker" */;
			compatibilityVersion = "Xcode 14.0";
			developmentRegion = en;
			hasScannedForEncodings = 0;
			knownRegions = (
				en,
				Base,
			);
			mainGroup = E78855BC2B6DCE5100B244BC;
			packageReferences = (
				E7F29BD22BC2326D00E9FCFE /* XCRemoteSwiftPackageReference "Kingfisher" */,
				E7F29BD52BC2327400E9FCFE /* XCRemoteSwiftPackageReference "SwiftKeychainWrapper" */,
				E7F792BC2BC7796A008BEA79 /* XCRemoteSwiftPackageReference "ProgressHUD" */,
			);
			productRefGroup = E78855C62B6DCE5100B244BC /* Products */;
			projectDirPath = "";
			projectRoot = "";
			targets = (
				E78855C42B6DCE5100B244BC /* ImageLiker */,
				E7F792B22BC75E53008BEA79 /* ImageLikerTests */,
			);
		};
/* End PBXProject section */

/* Begin PBXResourcesBuildPhase section */
		E78855C32B6DCE5100B244BC /* Resources */ = {
			isa = PBXResourcesBuildPhase;
			buildActionMask = 2147483647;
			files = (
				E78855D52B6DCE5200B244BC /* LaunchScreen.storyboard in Resources */,
				E78855D22B6DCE5200B244BC /* Assets.xcassets in Resources */,
				E78855D02B6DCE5100B244BC /* Main.storyboard in Resources */,
			);
			runOnlyForDeploymentPostprocessing = 0;
		};
		E7F792B12BC75E53008BEA79 /* Resources */ = {
			isa = PBXResourcesBuildPhase;
			buildActionMask = 2147483647;
			files = (
			);
			runOnlyForDeploymentPostprocessing = 0;
		};
/* End PBXResourcesBuildPhase section */

/* Begin PBXSourcesBuildPhase section */
		E78855C12B6DCE5100B244BC /* Sources */ = {
			isa = PBXSourcesBuildPhase;
			buildActionMask = 2147483647;
			files = (
				E78855CD2B6DCE5100B244BC /* ImagesListViewController.swift in Sources */,
				E7F29BD12BC220C000E9FCFE /* CustomNavigationViewController.swift in Sources */,
				E7F29BAB2BBC58C100E9FCFE /* Profile.swift in Sources */,
				E78855DD2B71A54400B244BC /* ImagesListCell.swift in Sources */,
				E7F29BA92BBC56E800E9FCFE /* ProfileResult.swift in Sources */,
				E77A37372BA632ED00E3FFCC /* WebViewControllerDelegate.swift in Sources */,
				E7F7928D2BC4C63B008BEA79 /* PhotoResult.swift in Sources */,
				E7F7928B2BC4C621008BEA79 /* Photo.swift in Sources */,
				E7F29BBC2BBF6A3300E9FCFE /* TabBarController.swift in Sources */,
				E788D2222B80388E00B7A335 /* ProfileViewController.swift in Sources */,
				E78855C92B6DCE5100B244BC /* AppDelegate.swift in Sources */,
				E77A37392BAB403D00E3FFCC /* 0Auth2Service.swift in Sources */,
				E7F792892BC4C618008BEA79 /* ImagesListService.swift in Sources */,
				E77A37332BA4EF0D00E3FFCC /* AuthViewController.swift in Sources */,
				E7D8B2E82BB352E5007AC2FC /* AuthViewControllerDelegate.swift in Sources */,
				E77A37302BA1E0B800E3FFCC /* Constants.swift in Sources */,
				E77A373B2BAB8B2C00E3FFCC /* URLSession+data.swift in Sources */,
				E7B1C4722B86BE4D00D37669 /* SingleImageViewController.swift in Sources */,
				E7F29BA72BBC56A800E9FCFE /* ProfileService.swift in Sources */,
				E7F7928F2BC4C64D008BEA79 /* PhotoUrlsResult.swift in Sources */,
				E77A373F2BAF7D2200E3FFCC /* OAuthTokenResponseBody.swift in Sources */,
				E7F29BAD2BBDE71300E9FCFE /* ProfileImageService.swift in Sources */,
				E77A37352BA4EF9C00E3FFCC /* WebViewViewController.swift in Sources */,
				E78855CB2B6DCE5100B244BC /* SceneDelegate.swift in Sources */,
				E7F792912BC4C655008BEA79 /* PhotosList.swift in Sources */,
				E77A37412BAF82A000E3FFCC /* 0Auth2TokenStorage.swift in Sources */,
				E7D8B2E12BB34FE3007AC2FC /* SplashViewController.swift in Sources */,
				E7F29BA52BBC50A300E9FCFE /* UIBlockingProgressHUD.swift in Sources */,
				E7F29BB12BBDE77200E9FCFE /* ProfileImageResult.swift in Sources */,
			);
			runOnlyForDeploymentPostprocessing = 0;
		};
		E7F792AF2BC75E53008BEA79 /* Sources */ = {
			isa = PBXSourcesBuildPhase;
			buildActionMask = 2147483647;
			files = (
				E7F792B62BC75E53008BEA79 /* ImagesListServiceTests.swift in Sources */,
			);
			runOnlyForDeploymentPostprocessing = 0;
		};
/* End PBXSourcesBuildPhase section */

/* Begin PBXTargetDependency section */
		E7F792B82BC75E53008BEA79 /* PBXTargetDependency */ = {
			isa = PBXTargetDependency;
			target = E78855C42B6DCE5100B244BC /* ImageLiker */;
			targetProxy = E7F792B72BC75E53008BEA79 /* PBXContainerItemProxy */;
		};
/* End PBXTargetDependency section */

/* Begin PBXVariantGroup section */
		E78855CE2B6DCE5100B244BC /* Main.storyboard */ = {
			isa = PBXVariantGroup;
			children = (
				E78855CF2B6DCE5100B244BC /* Base */,
			);
			name = Main.storyboard;
			sourceTree = "<group>";
		};
		E78855D32B6DCE5200B244BC /* LaunchScreen.storyboard */ = {
			isa = PBXVariantGroup;
			children = (
				E78855D42B6DCE5200B244BC /* Base */,
			);
			name = LaunchScreen.storyboard;
			sourceTree = "<group>";
		};
/* End PBXVariantGroup section */

/* Begin XCBuildConfiguration section */
		E78855D72B6DCE5200B244BC /* Debug */ = {
			isa = XCBuildConfiguration;
			buildSettings = {
				ALWAYS_SEARCH_USER_PATHS = NO;
				ASSETCATALOG_COMPILER_GENERATE_SWIFT_ASSET_SYMBOL_EXTENSIONS = YES;
				CLANG_ANALYZER_NONNULL = YES;
				CLANG_ANALYZER_NUMBER_OBJECT_CONVERSION = YES_AGGRESSIVE;
				CLANG_CXX_LANGUAGE_STANDARD = "gnu++20";
				CLANG_ENABLE_MODULES = YES;
				CLANG_ENABLE_OBJC_ARC = YES;
				CLANG_ENABLE_OBJC_WEAK = YES;
				CLANG_WARN_BLOCK_CAPTURE_AUTORELEASING = YES;
				CLANG_WARN_BOOL_CONVERSION = YES;
				CLANG_WARN_COMMA = YES;
				CLANG_WARN_CONSTANT_CONVERSION = YES;
				CLANG_WARN_DEPRECATED_OBJC_IMPLEMENTATIONS = YES;
				CLANG_WARN_DIRECT_OBJC_ISA_USAGE = YES_ERROR;
				CLANG_WARN_DOCUMENTATION_COMMENTS = YES;
				CLANG_WARN_EMPTY_BODY = YES;
				CLANG_WARN_ENUM_CONVERSION = YES;
				CLANG_WARN_INFINITE_RECURSION = YES;
				CLANG_WARN_INT_CONVERSION = YES;
				CLANG_WARN_NON_LITERAL_NULL_CONVERSION = YES;
				CLANG_WARN_OBJC_IMPLICIT_RETAIN_SELF = YES;
				CLANG_WARN_OBJC_LITERAL_CONVERSION = YES;
				CLANG_WARN_OBJC_ROOT_CLASS = YES_ERROR;
				CLANG_WARN_QUOTED_INCLUDE_IN_FRAMEWORK_HEADER = YES;
				CLANG_WARN_RANGE_LOOP_ANALYSIS = YES;
				CLANG_WARN_STRICT_PROTOTYPES = YES;
				CLANG_WARN_SUSPICIOUS_MOVE = YES;
				CLANG_WARN_UNGUARDED_AVAILABILITY = YES_AGGRESSIVE;
				CLANG_WARN_UNREACHABLE_CODE = YES;
				CLANG_WARN__DUPLICATE_METHOD_MATCH = YES;
				COPY_PHASE_STRIP = NO;
				DEBUG_INFORMATION_FORMAT = dwarf;
				ENABLE_STRICT_OBJC_MSGSEND = YES;
				ENABLE_TESTABILITY = YES;
				ENABLE_USER_SCRIPT_SANDBOXING = YES;
				GCC_C_LANGUAGE_STANDARD = gnu17;
				GCC_DYNAMIC_NO_PIC = NO;
				GCC_NO_COMMON_BLOCKS = YES;
				GCC_OPTIMIZATION_LEVEL = 0;
				GCC_PREPROCESSOR_DEFINITIONS = (
					"DEBUG=1",
					"$(inherited)",
				);
				GCC_WARN_64_TO_32_BIT_CONVERSION = YES;
				GCC_WARN_ABOUT_RETURN_TYPE = YES_ERROR;
				GCC_WARN_UNDECLARED_SELECTOR = YES;
				GCC_WARN_UNINITIALIZED_AUTOS = YES_AGGRESSIVE;
				GCC_WARN_UNUSED_FUNCTION = YES;
				GCC_WARN_UNUSED_VARIABLE = YES;
				IPHONEOS_DEPLOYMENT_TARGET = 15.4;
				LOCALIZATION_PREFERS_STRING_CATALOGS = YES;
				MTL_ENABLE_DEBUG_INFO = INCLUDE_SOURCE;
				MTL_FAST_MATH = YES;
				ONLY_ACTIVE_ARCH = YES;
				SDKROOT = iphoneos;
				SWIFT_ACTIVE_COMPILATION_CONDITIONS = "DEBUG $(inherited)";
				SWIFT_OPTIMIZATION_LEVEL = "-Onone";
			};
			name = Debug;
		};
		E78855D82B6DCE5200B244BC /* Release */ = {
			isa = XCBuildConfiguration;
			buildSettings = {
				ALWAYS_SEARCH_USER_PATHS = NO;
				ASSETCATALOG_COMPILER_GENERATE_SWIFT_ASSET_SYMBOL_EXTENSIONS = YES;
				CLANG_ANALYZER_NONNULL = YES;
				CLANG_ANALYZER_NUMBER_OBJECT_CONVERSION = YES_AGGRESSIVE;
				CLANG_CXX_LANGUAGE_STANDARD = "gnu++20";
				CLANG_ENABLE_MODULES = YES;
				CLANG_ENABLE_OBJC_ARC = YES;
				CLANG_ENABLE_OBJC_WEAK = YES;
				CLANG_WARN_BLOCK_CAPTURE_AUTORELEASING = YES;
				CLANG_WARN_BOOL_CONVERSION = YES;
				CLANG_WARN_COMMA = YES;
				CLANG_WARN_CONSTANT_CONVERSION = YES;
				CLANG_WARN_DEPRECATED_OBJC_IMPLEMENTATIONS = YES;
				CLANG_WARN_DIRECT_OBJC_ISA_USAGE = YES_ERROR;
				CLANG_WARN_DOCUMENTATION_COMMENTS = YES;
				CLANG_WARN_EMPTY_BODY = YES;
				CLANG_WARN_ENUM_CONVERSION = YES;
				CLANG_WARN_INFINITE_RECURSION = YES;
				CLANG_WARN_INT_CONVERSION = YES;
				CLANG_WARN_NON_LITERAL_NULL_CONVERSION = YES;
				CLANG_WARN_OBJC_IMPLICIT_RETAIN_SELF = YES;
				CLANG_WARN_OBJC_LITERAL_CONVERSION = YES;
				CLANG_WARN_OBJC_ROOT_CLASS = YES_ERROR;
				CLANG_WARN_QUOTED_INCLUDE_IN_FRAMEWORK_HEADER = YES;
				CLANG_WARN_RANGE_LOOP_ANALYSIS = YES;
				CLANG_WARN_STRICT_PROTOTYPES = YES;
				CLANG_WARN_SUSPICIOUS_MOVE = YES;
				CLANG_WARN_UNGUARDED_AVAILABILITY = YES_AGGRESSIVE;
				CLANG_WARN_UNREACHABLE_CODE = YES;
				CLANG_WARN__DUPLICATE_METHOD_MATCH = YES;
				COPY_PHASE_STRIP = NO;
				DEBUG_INFORMATION_FORMAT = "dwarf-with-dsym";
				ENABLE_NS_ASSERTIONS = NO;
				ENABLE_STRICT_OBJC_MSGSEND = YES;
				ENABLE_USER_SCRIPT_SANDBOXING = YES;
				GCC_C_LANGUAGE_STANDARD = gnu17;
				GCC_NO_COMMON_BLOCKS = YES;
				GCC_WARN_64_TO_32_BIT_CONVERSION = YES;
				GCC_WARN_ABOUT_RETURN_TYPE = YES_ERROR;
				GCC_WARN_UNDECLARED_SELECTOR = YES;
				GCC_WARN_UNINITIALIZED_AUTOS = YES_AGGRESSIVE;
				GCC_WARN_UNUSED_FUNCTION = YES;
				GCC_WARN_UNUSED_VARIABLE = YES;
				IPHONEOS_DEPLOYMENT_TARGET = 15.4;
				LOCALIZATION_PREFERS_STRING_CATALOGS = YES;
				MTL_ENABLE_DEBUG_INFO = NO;
				MTL_FAST_MATH = YES;
				SDKROOT = iphoneos;
				SWIFT_COMPILATION_MODE = wholemodule;
				VALIDATE_PRODUCT = YES;
			};
			name = Release;
		};
		E78855DA2B6DCE5200B244BC /* Debug */ = {
			isa = XCBuildConfiguration;
			buildSettings = {
				ASSETCATALOG_COMPILER_APPICON_NAME = AppIcon;
				ASSETCATALOG_COMPILER_GLOBAL_ACCENT_COLOR_NAME = AccentColor;
				CODE_SIGN_STYLE = Automatic;
				CURRENT_PROJECT_VERSION = 1;
				DEVELOPMENT_TEAM = 4D9A6P6X9K;
				GENERATE_INFOPLIST_FILE = YES;
				INFOPLIST_FILE = ImageLiker/Info.plist;
				INFOPLIST_KEY_CFBundleDisplayName = "Image Liker";
				INFOPLIST_KEY_UIApplicationSupportsIndirectInputEvents = YES;
				INFOPLIST_KEY_UILaunchStoryboardName = LaunchScreen;
				INFOPLIST_KEY_UIMainStoryboardFile = Main;
				INFOPLIST_KEY_UIStatusBarHidden = YES;
				INFOPLIST_KEY_UISupportedInterfaceOrientations = UIInterfaceOrientationPortrait;
				INFOPLIST_KEY_UISupportedInterfaceOrientations_iPad = "UIInterfaceOrientationLandscapeLeft UIInterfaceOrientationLandscapeRight UIInterfaceOrientationPortrait UIInterfaceOrientationPortraitUpsideDown";
				IPHONEOS_DEPLOYMENT_TARGET = 13;
				LD_RUNPATH_SEARCH_PATHS = (
					"$(inherited)",
					"@executable_path/Frameworks",
				);
				MARKETING_VERSION = 1.0;
				PRODUCT_BUNDLE_IDENTIFIER = avvinStudio.ImageLiker;
				PRODUCT_NAME = "$(TARGET_NAME)";
				SUPPORTED_PLATFORMS = "iphoneos iphonesimulator";
				SUPPORTS_MACCATALYST = NO;
				SUPPORTS_MAC_DESIGNED_FOR_IPHONE_IPAD = NO;
				SUPPORTS_XR_DESIGNED_FOR_IPHONE_IPAD = NO;
				SWIFT_EMIT_LOC_STRINGS = YES;
				SWIFT_VERSION = 5.0;
				TARGETED_DEVICE_FAMILY = 1;
			};
			name = Debug;
		};
		E78855DB2B6DCE5200B244BC /* Release */ = {
			isa = XCBuildConfiguration;
			buildSettings = {
				ASSETCATALOG_COMPILER_APPICON_NAME = AppIcon;
				ASSETCATALOG_COMPILER_GLOBAL_ACCENT_COLOR_NAME = AccentColor;
				CODE_SIGN_STYLE = Automatic;
				CURRENT_PROJECT_VERSION = 1;
				DEVELOPMENT_TEAM = 4D9A6P6X9K;
				GENERATE_INFOPLIST_FILE = YES;
				INFOPLIST_FILE = ImageLiker/Info.plist;
				INFOPLIST_KEY_CFBundleDisplayName = "Image Liker";
				INFOPLIST_KEY_UIApplicationSupportsIndirectInputEvents = YES;
				INFOPLIST_KEY_UILaunchStoryboardName = LaunchScreen;
				INFOPLIST_KEY_UIMainStoryboardFile = Main;
				INFOPLIST_KEY_UIStatusBarHidden = YES;
				INFOPLIST_KEY_UISupportedInterfaceOrientations = UIInterfaceOrientationPortrait;
				INFOPLIST_KEY_UISupportedInterfaceOrientations_iPad = "UIInterfaceOrientationLandscapeLeft UIInterfaceOrientationLandscapeRight UIInterfaceOrientationPortrait UIInterfaceOrientationPortraitUpsideDown";
				IPHONEOS_DEPLOYMENT_TARGET = 13;
				LD_RUNPATH_SEARCH_PATHS = (
					"$(inherited)",
					"@executable_path/Frameworks",
				);
				MARKETING_VERSION = 1.0;
				PRODUCT_BUNDLE_IDENTIFIER = avvinStudio.ImageLiker;
				PRODUCT_NAME = "$(TARGET_NAME)";
				SUPPORTED_PLATFORMS = "iphoneos iphonesimulator";
				SUPPORTS_MACCATALYST = NO;
				SUPPORTS_MAC_DESIGNED_FOR_IPHONE_IPAD = NO;
				SUPPORTS_XR_DESIGNED_FOR_IPHONE_IPAD = NO;
				SWIFT_EMIT_LOC_STRINGS = YES;
				SWIFT_VERSION = 5.0;
				TARGETED_DEVICE_FAMILY = 1;
			};
			name = Release;
		};
		E7F792B92BC75E53008BEA79 /* Debug */ = {
			isa = XCBuildConfiguration;
			buildSettings = {
				BUNDLE_LOADER = "$(TEST_HOST)";
				CODE_SIGN_STYLE = Automatic;
				CURRENT_PROJECT_VERSION = 1;
				DEVELOPMENT_TEAM = 4D9A6P6X9K;
				GENERATE_INFOPLIST_FILE = YES;
				IPHONEOS_DEPLOYMENT_TARGET = 15.4;
				MARKETING_VERSION = 1.0;
				PRODUCT_BUNDLE_IDENTIFIER = avvinStudio.ImageLikerTests;
				PRODUCT_NAME = "$(TARGET_NAME)";
				SWIFT_EMIT_LOC_STRINGS = NO;
				SWIFT_VERSION = 5.0;
				TARGETED_DEVICE_FAMILY = "1,2";
				TEST_HOST = "$(BUILT_PRODUCTS_DIR)/ImageLiker.app/$(BUNDLE_EXECUTABLE_FOLDER_PATH)/ImageLiker";
			};
			name = Debug;
		};
		E7F792BA2BC75E53008BEA79 /* Release */ = {
			isa = XCBuildConfiguration;
			buildSettings = {
				BUNDLE_LOADER = "$(TEST_HOST)";
				CODE_SIGN_STYLE = Automatic;
				CURRENT_PROJECT_VERSION = 1;
				DEVELOPMENT_TEAM = 4D9A6P6X9K;
				GENERATE_INFOPLIST_FILE = YES;
				IPHONEOS_DEPLOYMENT_TARGET = 15.4;
				MARKETING_VERSION = 1.0;
				PRODUCT_BUNDLE_IDENTIFIER = avvinStudio.ImageLikerTests;
				PRODUCT_NAME = "$(TARGET_NAME)";
				SWIFT_EMIT_LOC_STRINGS = NO;
				SWIFT_VERSION = 5.0;
				TARGETED_DEVICE_FAMILY = "1,2";
				TEST_HOST = "$(BUILT_PRODUCTS_DIR)/ImageLiker.app/$(BUNDLE_EXECUTABLE_FOLDER_PATH)/ImageLiker";
			};
			name = Release;
		};
/* End XCBuildConfiguration section */

/* Begin XCConfigurationList section */
		E78855C02B6DCE5100B244BC /* Build configuration list for PBXProject "ImageLiker" */ = {
			isa = XCConfigurationList;
			buildConfigurations = (
				E78855D72B6DCE5200B244BC /* Debug */,
				E78855D82B6DCE5200B244BC /* Release */,
			);
			defaultConfigurationIsVisible = 0;
			defaultConfigurationName = Release;
		};
		E78855D92B6DCE5200B244BC /* Build configuration list for PBXNativeTarget "ImageLiker" */ = {
			isa = XCConfigurationList;
			buildConfigurations = (
				E78855DA2B6DCE5200B244BC /* Debug */,
				E78855DB2B6DCE5200B244BC /* Release */,
			);
			defaultConfigurationIsVisible = 0;
			defaultConfigurationName = Release;
		};
		E7F792BB2BC75E53008BEA79 /* Build configuration list for PBXNativeTarget "ImageLikerTests" */ = {
			isa = XCConfigurationList;
			buildConfigurations = (
				E7F792B92BC75E53008BEA79 /* Debug */,
				E7F792BA2BC75E53008BEA79 /* Release */,
			);
			defaultConfigurationIsVisible = 0;
			defaultConfigurationName = Release;
		};
/* End XCConfigurationList section */

/* Begin XCRemoteSwiftPackageReference section */
		E7F29BD22BC2326D00E9FCFE /* XCRemoteSwiftPackageReference "Kingfisher" */ = {
			isa = XCRemoteSwiftPackageReference;
			repositoryURL = "https://github.com/onevcat/Kingfisher";
			requirement = {
				kind = upToNextMajorVersion;
				minimumVersion = 7.11.0;
			};
		};
		E7F29BD52BC2327400E9FCFE /* XCRemoteSwiftPackageReference "SwiftKeychainWrapper" */ = {
			isa = XCRemoteSwiftPackageReference;
			repositoryURL = "https://github.com/jrendel/SwiftKeychainWrapper";
			requirement = {
				kind = upToNextMajorVersion;
				minimumVersion = 4.0.1;
			};
		};
		E7F792BC2BC7796A008BEA79 /* XCRemoteSwiftPackageReference "ProgressHUD" */ = {
			isa = XCRemoteSwiftPackageReference;
			repositoryURL = "https://github.com/relatedcode/ProgressHUD";
			requirement = {
				kind = upToNextMajorVersion;
				minimumVersion = 14.1.1;
			};
		};
/* End XCRemoteSwiftPackageReference section */

/* Begin XCSwiftPackageProductDependency section */
		E7F29BD32BC2326D00E9FCFE /* Kingfisher */ = {
			isa = XCSwiftPackageProductDependency;
			package = E7F29BD22BC2326D00E9FCFE /* XCRemoteSwiftPackageReference "Kingfisher" */;
			productName = Kingfisher;
		};
		E7F29BD62BC2327400E9FCFE /* SwiftKeychainWrapper */ = {
			isa = XCSwiftPackageProductDependency;
			package = E7F29BD52BC2327400E9FCFE /* XCRemoteSwiftPackageReference "SwiftKeychainWrapper" */;
			productName = SwiftKeychainWrapper;
		};
		E7F792BD2BC7796A008BEA79 /* ProgressHUD */ = {
			isa = XCSwiftPackageProductDependency;
			package = E7F792BC2BC7796A008BEA79 /* XCRemoteSwiftPackageReference "ProgressHUD" */;
			productName = ProgressHUD;
		};
/* End XCSwiftPackageProductDependency section */
	};
	rootObject = E78855BD2B6DCE5100B244BC /* Project object */;
}
